dependencies:
- name: haproxy-ingress
  repository: https://haproxy-ingress.github.io/charts
  version: 0.9.1
- name: postgresql
  repository: https://charts.bitnami.com/bitnami
  version: 9.8.5
- name: rabbitmq
  repository: https://charts.bitnami.com/bitnami
  version: 8.6.1
digest: sha256:ab403b8edea9cc36bfd4a916084c1a21dc12983472d68f08be8ba18b0dea2e86
generated: "2021-01-28T12:43:34.738257591Z"
